
Microsoft Visual Studio Solution File, Format Version 12.00
# Visual Studio 15
VisualStudioVersion = 15.0.28307.1758
MinimumVisualStudioVersion = 10.0.40219.1
Project("{FAE04EC0-301F-11D3-BF4B-00C04F79EFBC}") = "TypOfConversion", "TypOfConversion\TypOfConversion.csproj", "{A3E1759C-B19F-46E1-BCBE-10C3260BC3FE}"
EndProject
Global
	GlobalSection(SolutionConfigurationPlatforms) = preSolution
		Debug|Any CPU = Debug|Any CPU
		Release|Any CPU = Release|Any CPU
	EndGlobalSection
	GlobalSection(ProjectConfigurationPlatforms) = postSolution
		{A3E1759C-B19F-46E1-BCBE-10C3260BC3FE}.Debug|Any CPU.ActiveCfg = Debug|Any CPU
		{A3E1759C-B19F-46E1-BCBE-10C3260BC3FE}.Debug|Any CPU.Build.0 = Debug|Any CPU
		{A3E1759C-B19F-46E1-BCBE-10C3260BC3FE}.Release|Any CPU.ActiveCfg = Release|Any CPU
		{A3E1759C-B19F-46E1-BCBE-10C3260BC3FE}.Release|Any CPU.Build.0 = Release|Any CPU
	EndGlobalSection
	GlobalSection(SolutionProperties) = preSolution
		HideSolutionNode = FALSE
	EndGlobalSection
	GlobalSection(ExtensibilityGlobals) = postSolution
		SolutionGuid = {65BE46EB-16CC-402E-8993-B5E4D1CCF2C0}
	EndGlobalSection
EndGlobal
